
Microsoft Visual Studio Solution File, Format Version 12.00
# Visual Studio Version 17
VisualStudioVersion = 17.8.34525.116
MinimumVisualStudioVersion = 10.0.40219.1
Project("{FAE04EC0-301F-11D3-BF4B-00C04F79EFBC}") = "SeafoodShop.Api", "SeafoodShop\SeafoodShop.Api.csproj", "{2AFE231B-A7D3-4BBD-A0AE-EE94539F7B18}"
EndProject
Project("{FAE04EC0-301F-11D3-BF4B-00C04F79EFBC}") = "SeafoodShop.DataContext", "DataContext\SeafoodShop.DataContext.csproj", "{E1DB4811-2643-4A3B-BB30-169C423D1011}"
EndProject
Project("{FAE04EC0-301F-11D3-BF4B-00C04F79EFBC}") = "SeafoodShop.Repository", "SeafoodShop.Repository\SeafoodShop.Repository.csproj", "{4CFB22A8-8F00-45B2-9BE9-44A8D0285B08}"
EndProject
Global
	GlobalSection(SolutionConfigurationPlatforms) = preSolution
		Debug|Any CPU = Debug|Any CPU
		Release|Any CPU = Release|Any CPU
	EndGlobalSection
	GlobalSection(ProjectConfigurationPlatforms) = postSolution
		{2AFE231B-A7D3-4BBD-A0AE-EE94539F7B18}.Debug|Any CPU.ActiveCfg = Debug|Any CPU
		{2AFE231B-A7D3-4BBD-A0AE-EE94539F7B18}.Debug|Any CPU.Build.0 = Debug|Any CPU
		{2AFE231B-A7D3-4BBD-A0AE-EE94539F7B18}.Release|Any CPU.ActiveCfg = Release|Any CPU
		{2AFE231B-A7D3-4BBD-A0AE-EE94539F7B18}.Release|Any CPU.Build.0 = Release|Any CPU
		{E1DB4811-2643-4A3B-BB30-169C423D1011}.Debug|Any CPU.ActiveCfg = Debug|Any CPU
		{E1DB4811-2643-4A3B-BB30-169C423D1011}.Debug|Any CPU.Build.0 = Debug|Any CPU
		{E1DB4811-2643-4A3B-BB30-169C423D1011}.Release|Any CPU.ActiveCfg = Release|Any CPU
		{E1DB4811-2643-4A3B-BB30-169C423D1011}.Release|Any CPU.Build.0 = Release|Any CPU
		{4CFB22A8-8F00-45B2-9BE9-44A8D0285B08}.Debug|Any CPU.ActiveCfg = Debug|Any CPU
		{4CFB22A8-8F00-45B2-9BE9-44A8D0285B08}.Debug|Any CPU.Build.0 = Debug|Any CPU
		{4CFB22A8-8F00-45B2-9BE9-44A8D0285B08}.Release|Any CPU.ActiveCfg = Release|Any CPU
		{4CFB22A8-8F00-45B2-9BE9-44A8D0285B08}.Release|Any CPU.Build.0 = Release|Any CPU
	EndGlobalSection
	GlobalSection(SolutionProperties) = preSolution
		HideSolutionNode = FALSE
	EndGlobalSection
	GlobalSection(ExtensibilityGlobals) = postSolution
		SolutionGuid = {0797C14C-D043-4B29-A07C-4D13203333D3}
	EndGlobalSection
EndGlobal
